
Microsoft Visual Studio Solution File, Format Version 12.00
# Visual Studio 15
VisualStudioVersion = 15.0.28010.2019
MinimumVisualStudioVersion = 10.0.40219.1
Project("{FAE04EC0-301F-11D3-BF4B-00C04F79EFBC}") = "eBalance", "eBalance\eBalance.csproj", "{C07DE5C8-30BA-40DE-8A64-62176097F0E5}"
EndProject
Project("{FAE04EC0-301F-11D3-BF4B-00C04F79EFBC}") = "consoleEBalance", "consoleEBalance\consoleEBalance.csproj", "{42F3BF5D-608D-4B69-8722-2020EBE16F55}"
EndProject
Project("{FAE04EC0-301F-11D3-BF4B-00C04F79EFBC}") = "TestEBalance", "TestEBalance\TestEBalance.csproj", "{9F5C7D05-B778-4B87-B56F-FA5A50712034}"
EndProject
Global
	GlobalSection(SolutionConfigurationPlatforms) = preSolution
		Debug|Any CPU = Debug|Any CPU
		Release|Any CPU = Release|Any CPU
	EndGlobalSection
	GlobalSection(ProjectConfigurationPlatforms) = postSolution
		{C07DE5C8-30BA-40DE-8A64-62176097F0E5}.Debug|Any CPU.ActiveCfg = Debug|Any CPU
		{C07DE5C8-30BA-40DE-8A64-62176097F0E5}.Debug|Any CPU.Build.0 = Debug|Any CPU
		{C07DE5C8-30BA-40DE-8A64-62176097F0E5}.Release|Any CPU.ActiveCfg = Release|Any CPU
		{C07DE5C8-30BA-40DE-8A64-62176097F0E5}.Release|Any CPU.Build.0 = Release|Any CPU
		{42F3BF5D-608D-4B69-8722-2020EBE16F55}.Debug|Any CPU.ActiveCfg = Debug|Any CPU
		{42F3BF5D-608D-4B69-8722-2020EBE16F55}.Debug|Any CPU.Build.0 = Debug|Any CPU
		{42F3BF5D-608D-4B69-8722-2020EBE16F55}.Release|Any CPU.ActiveCfg = Release|Any CPU
		{42F3BF5D-608D-4B69-8722-2020EBE16F55}.Release|Any CPU.Build.0 = Release|Any CPU
		{9F5C7D05-B778-4B87-B56F-FA5A50712034}.Debug|Any CPU.ActiveCfg = Debug|Any CPU
		{9F5C7D05-B778-4B87-B56F-FA5A50712034}.Debug|Any CPU.Build.0 = Debug|Any CPU
		{9F5C7D05-B778-4B87-B56F-FA5A50712034}.Release|Any CPU.ActiveCfg = Release|Any CPU
		{9F5C7D05-B778-4B87-B56F-FA5A50712034}.Release|Any CPU.Build.0 = Release|Any CPU
	EndGlobalSection
	GlobalSection(SolutionProperties) = preSolution
		HideSolutionNode = FALSE
	EndGlobalSection
	GlobalSection(ExtensibilityGlobals) = postSolution
		SolutionGuid = {DA63FEF9-BF21-4CB4-822A-583BC4C3FEA8}
	EndGlobalSection
EndGlobal
